// !$*UTF8*$!
{
	archiveVersion = 1;
	classes = {
	};
	objectVersion = 56;
	objects = {

/* Begin PBXBuildFile section */
		0EC21FB276B5FFC4FB771939 /* Pods_NoteApp.framework in Frameworks */ = {isa = PBXBuildFile; fileRef = BD9C5EC8173C90F4B24439B6 /* Pods_NoteApp.framework */; };
		18A32EB72C33C15B002DE47A /* AppDelegate.swift in Sources */ = {isa = PBXBuildFile; fileRef = 18A32EB62C33C15B002DE47A /* AppDelegate.swift */; };
		18A32EB92C33C15B002DE47A /* SceneDelegate.swift in Sources */ = {isa = PBXBuildFile; fileRef = 18A32EB82C33C15B002DE47A /* SceneDelegate.swift */; };
		18A32EC02C33C15C002DE47A /* Assets.xcassets in Resources */ = {isa = PBXBuildFile; fileRef = 18A32EBF2C33C15C002DE47A /* Assets.xcassets */; };
		18A32EC32C33C15C002DE47A /* Base in Resources */ = {isa = PBXBuildFile; fileRef = 18A32EC22C33C15C002DE47A /* Base */; };
		18A32ECD2C33C207002DE47A /* DataManager.swift in Sources */ = {isa = PBXBuildFile; fileRef = 18A32ECC2C33C207002DE47A /* DataManager.swift */; };
		18A32ECF2C33C217002DE47A /* Helper.swift in Sources */ = {isa = PBXBuildFile; fileRef = 18A32ECE2C33C217002DE47A /* Helper.swift */; };
		18A32ED22C33C243002DE47A /* FolderCollectionViewCell.swift in Sources */ = {isa = PBXBuildFile; fileRef = 18A32ED12C33C243002DE47A /* FolderCollectionViewCell.swift */; };
		18A32ED42C33C24F002DE47A /* NoteCollectionViewCell.swift in Sources */ = {isa = PBXBuildFile; fileRef = 18A32ED32C33C24F002DE47A /* NoteCollectionViewCell.swift */; };
		18A32ED92C33C278002DE47A /* NoteListDataModel.xcdatamodeld in Sources */ = {isa = PBXBuildFile; fileRef = 18A32ED72C33C278002DE47A /* NoteListDataModel.xcdatamodeld */; };
		18A32EDC2C33C2E6002DE47A /* LoginViewController.swift in Sources */ = {isa = PBXBuildFile; fileRef = 18A32EDB2C33C2E6002DE47A /* LoginViewController.swift */; };
		18A32EDE2C33C2F7002DE47A /* SettingViewController.swift in Sources */ = {isa = PBXBuildFile; fileRef = 18A32EDD2C33C2F7002DE47A /* SettingViewController.swift */; };
		18A32EE02C33C309002DE47A /* FolderViewController.swift in Sources */ = {isa = PBXBuildFile; fileRef = 18A32EDF2C33C309002DE47A /* FolderViewController.swift */; };
		18A32EE22C33C31D002DE47A /* NoteViewController.swift in Sources */ = {isa = PBXBuildFile; fileRef = 18A32EE12C33C31D002DE47A /* NoteViewController.swift */; };
		18A32EE42C33C331002DE47A /* FolderDetailViewController.swift in Sources */ = {isa = PBXBuildFile; fileRef = 18A32EE32C33C331002DE47A /* FolderDetailViewController.swift */; };
		18A32EE62C33C343002DE47A /* CreateNoteViewController.swift in Sources */ = {isa = PBXBuildFile; fileRef = 18A32EE52C33C343002DE47A /* CreateNoteViewController.swift */; };
		18A32EE82C33C355002DE47A /* TabBarController.swift in Sources */ = {isa = PBXBuildFile; fileRef = 18A32EE72C33C355002DE47A /* TabBarController.swift */; };
/* End PBXBuildFile section */

/* Begin PBXFileReference section */
		18A32EB32C33C15B002DE47A /* NoteApp.app */ = {isa = PBXFileReference; explicitFileType = wrapper.application; includeInIndex = 0; path = NoteApp.app; sourceTree = BUILT_PRODUCTS_DIR; };
		18A32EB62C33C15B002DE47A /* AppDelegate.swift */ = {isa = PBXFileReference; lastKnownFileType = sourcecode.swift; path = AppDelegate.swift; sourceTree = "<group>"; };
		18A32EB82C33C15B002DE47A /* SceneDelegate.swift */ = {isa = PBXFileReference; lastKnownFileType = sourcecode.swift; path = SceneDelegate.swift; sourceTree = "<group>"; };
		18A32EBF2C33C15C002DE47A /* Assets.xcassets */ = {isa = PBXFileReference; lastKnownFileType = folder.assetcatalog; path = Assets.xcassets; sourceTree = "<group>"; };
		18A32EC22C33C15C002DE47A /* Base */ = {isa = PBXFileReference; lastKnownFileType = file.storyboard; name = Base; path = Base.lproj/LaunchScreen.storyboard; sourceTree = "<group>"; };
		18A32EC42C33C15C002DE47A /* Info.plist */ = {isa = PBXFileReference; lastKnownFileType = text.plist.xml; path = Info.plist; sourceTree = "<group>"; };
		18A32ECC2C33C207002DE47A /* DataManager.swift */ = {isa = PBXFileReference; lastKnownFileType = sourcecode.swift; path = DataManager.swift; sourceTree = "<group>"; };
		18A32ECE2C33C217002DE47A /* Helper.swift */ = {isa = PBXFileReference; lastKnownFileType = sourcecode.swift; path = Helper.swift; sourceTree = "<group>"; };
		18A32ED12C33C243002DE47A /* FolderCollectionViewCell.swift */ = {isa = PBXFileReference; lastKnownFileType = sourcecode.swift; path = FolderCollectionViewCell.swift; sourceTree = "<group>"; };
		18A32ED32C33C24F002DE47A /* NoteCollectionViewCell.swift */ = {isa = PBXFileReference; lastKnownFileType = sourcecode.swift; path = NoteCollectionViewCell.swift; sourceTree = "<group>"; };
		18A32ED82C33C278002DE47A /* NoteListDataModel.xcdatamodel */ = {isa = PBXFileReference; lastKnownFileType = wrapper.xcdatamodel; path = NoteListDataModel.xcdatamodel; sourceTree = "<group>"; };
		18A32EDB2C33C2E6002DE47A /* LoginViewController.swift */ = {isa = PBXFileReference; lastKnownFileType = sourcecode.swift; path = LoginViewController.swift; sourceTree = "<group>"; };
		18A32EDD2C33C2F7002DE47A /* SettingViewController.swift */ = {isa = PBXFileReference; lastKnownFileType = sourcecode.swift; path = SettingViewController.swift; sourceTree = "<group>"; };
		18A32EDF2C33C309002DE47A /* FolderViewController.swift */ = {isa = PBXFileReference; lastKnownFileType = sourcecode.swift; path = FolderViewController.swift; sourceTree = "<group>"; };
		18A32EE12C33C31D002DE47A /* NoteViewController.swift */ = {isa = PBXFileReference; lastKnownFileType = sourcecode.swift; path = NoteViewController.swift; sourceTree = "<group>"; };
		18A32EE32C33C331002DE47A /* FolderDetailViewController.swift */ = {isa = PBXFileReference; lastKnownFileType = sourcecode.swift; path = FolderDetailViewController.swift; sourceTree = "<group>"; };
		18A32EE52C33C343002DE47A /* CreateNoteViewController.swift */ = {isa = PBXFileReference; lastKnownFileType = sourcecode.swift; path = CreateNoteViewController.swift; sourceTree = "<group>"; };
		18A32EE72C33C355002DE47A /* TabBarController.swift */ = {isa = PBXFileReference; lastKnownFileType = sourcecode.swift; path = TabBarController.swift; sourceTree = "<group>"; };
		A161FA712CFBED725C5A26BF /* Pods-NoteApp.debug.xcconfig */ = {isa = PBXFileReference; includeInIndex = 1; lastKnownFileType = text.xcconfig; name = "Pods-NoteApp.debug.xcconfig"; path = "Target Support Files/Pods-NoteApp/Pods-NoteApp.debug.xcconfig"; sourceTree = "<group>"; };
		BD9C5EC8173C90F4B24439B6 /* Pods_NoteApp.framework */ = {isa = PBXFileReference; explicitFileType = wrapper.framework; includeInIndex = 0; path = Pods_NoteApp.framework; sourceTree = BUILT_PRODUCTS_DIR; };
		EA4DFABAA1ADCD96F6D2C826 /* Pods-NoteApp.release.xcconfig */ = {isa = PBXFileReference; includeInIndex = 1; lastKnownFileType = text.xcconfig; name = "Pods-NoteApp.release.xcconfig"; path = "Target Support Files/Pods-NoteApp/Pods-NoteApp.release.xcconfig"; sourceTree = "<group>"; };
/* End PBXFileReference section */

/* Begin PBXFrameworksBuildPhase section */
		18A32EB02C33C15B002DE47A /* Frameworks */ = {
			isa = PBXFrameworksBuildPhase;
			buildActionMask = 2147483647;
			files = (
				0EC21FB276B5FFC4FB771939 /* Pods_NoteApp.framework in Frameworks */,
			);
			runOnlyForDeploymentPostprocessing = 0;
		};
/* End PBXFrameworksBuildPhase section */

/* Begin PBXGroup section */
		18A32EAA2C33C15B002DE47A = {
			isa = PBXGroup;
			children = (
				18A32EB52C33C15B002DE47A /* NoteApp */,
				18A32EB42C33C15B002DE47A /* Products */,
				FCCD000F14DF4703B5D57D41 /* Pods */,
				C36CA32C68AEB0FC6C0BE30F /* Frameworks */,
			);
			sourceTree = "<group>";
		};
		18A32EB42C33C15B002DE47A /* Products */ = {
			isa = PBXGroup;
			children = (
				18A32EB32C33C15B002DE47A /* NoteApp.app */,
			);
			name = Products;
			sourceTree = "<group>";
		};
		18A32EB52C33C15B002DE47A /* NoteApp */ = {
			isa = PBXGroup;
			children = (
				18A32EDA2C33C2D2002DE47A /* Controllers */,
				18A32ED52C33C254002DE47A /* Models */,
				18A32ED02C33C22E002DE47A /* Views */,
				18A32ECB2C33C1F0002DE47A /* Helpers */,
				18A32EB62C33C15B002DE47A /* AppDelegate.swift */,
				18A32EB82C33C15B002DE47A /* SceneDelegate.swift */,
				18A32EBF2C33C15C002DE47A /* Assets.xcassets */,
				18A32EC12C33C15C002DE47A /* LaunchScreen.storyboard */,
				18A32EC42C33C15C002DE47A /* Info.plist */,
			);
			path = NoteApp;
			sourceTree = "<group>";
		};
		18A32ECB2C33C1F0002DE47A /* Helpers */ = {
			isa = PBXGroup;
			children = (
				18A32ECC2C33C207002DE47A /* DataManager.swift */,
				18A32ECE2C33C217002DE47A /* Helper.swift */,
			);
			path = Helpers;
			sourceTree = "<group>";
		};
		18A32ED02C33C22E002DE47A /* Views */ = {
			isa = PBXGroup;
			children = (
				18A32ED12C33C243002DE47A /* FolderCollectionViewCell.swift */,
				18A32ED32C33C24F002DE47A /* NoteCollectionViewCell.swift */,
			);
			path = Views;
			sourceTree = "<group>";
		};
		18A32ED52C33C254002DE47A /* Models */ = {
			isa = PBXGroup;
			children = (
				18A32ED72C33C278002DE47A /* NoteListDataModel.xcdatamodeld */,
			);
			path = Models;
			sourceTree = "<group>";
		};
		18A32EDA2C33C2D2002DE47A /* Controllers */ = {
			isa = PBXGroup;
			children = (
				18A32EDB2C33C2E6002DE47A /* LoginViewController.swift */,
				18A32EDD2C33C2F7002DE47A /* SettingViewController.swift */,
				18A32EDF2C33C309002DE47A /* FolderViewController.swift */,
				18A32EE12C33C31D002DE47A /* NoteViewController.swift */,
				18A32EE32C33C331002DE47A /* FolderDetailViewController.swift */,
				18A32EE52C33C343002DE47A /* CreateNoteViewController.swift */,
				18A32EE72C33C355002DE47A /* TabBarController.swift */,
			);
			path = Controllers;
			sourceTree = "<group>";
		};
		C36CA32C68AEB0FC6C0BE30F /* Frameworks */ = {
			isa = PBXGroup;
			children = (
				BD9C5EC8173C90F4B24439B6 /* Pods_NoteApp.framework */,
			);
			name = Frameworks;
			sourceTree = "<group>";
		};
		FCCD000F14DF4703B5D57D41 /* Pods */ = {
			isa = PBXGroup;
			children = (
				A161FA712CFBED725C5A26BF /* Pods-NoteApp.debug.xcconfig */,
				EA4DFABAA1ADCD96F6D2C826 /* Pods-NoteApp.release.xcconfig */,
			);
			path = Pods;
			sourceTree = "<group>";
		};
/* End PBXGroup section */

/* Begin PBXNativeTarget section */
		18A32EB22C33C15B002DE47A /* NoteApp */ = {
			isa = PBXNativeTarget;
			buildConfigurationList = 18A32EC72C33C15C002DE47A /* Build configuration list for PBXNativeTarget "NoteApp" */;
			buildPhases = (
				3786DFE99CB85E070C296022 /* [CP] Check Pods Manifest.lock */,
				18A32EAF2C33C15B002DE47A /* Sources */,
				18A32EB02C33C15B002DE47A /* Frameworks */,
				18A32EB12C33C15B002DE47A /* Resources */,
				F17D8FC80E4E2046E07FA4C5 /* [CP] Embed Pods Frameworks */,
			);
			buildRules = (
			);
			dependencies = (
			);
			name = NoteApp;
			productName = NoteApp;
			productReference = 18A32EB32C33C15B002DE47A /* NoteApp.app */;
			productType = "com.apple.product-type.application";
		};
/* End PBXNativeTarget section */

/* Begin PBXProject section */
		18A32EAB2C33C15B002DE47A /* Project object */ = {
			isa = PBXProject;
			attributes = {
				BuildIndependentTargetsInParallel = 1;
				LastSwiftUpdateCheck = 1540;
				LastUpgradeCheck = 1540;
				TargetAttributes = {
					18A32EB22C33C15B002DE47A = {
						CreatedOnToolsVersion = 15.4;
					};
				};
			};
			buildConfigurationList = 18A32EAE2C33C15B002DE47A /* Build configuration list for PBXProject "NoteApp" */;
			compatibilityVersion = "Xcode 14.0";
			developmentRegion = en;
			hasScannedForEncodings = 0;
			knownRegions = (
				en,
				Base,
			);
			mainGroup = 18A32EAA2C33C15B002DE47A;
			productRefGroup = 18A32EB42C33C15B002DE47A /* Products */;
			projectDirPath = "";
			projectRoot = "";
			targets = (
				18A32EB22C33C15B002DE47A /* NoteApp */,
			);
		};
/* End PBXProject section */

/* Begin PBXResourcesBuildPhase section */
		18A32EB12C33C15B002DE47A /* Resources */ = {
			isa = PBXResourcesBuildPhase;
			buildActionMask = 2147483647;
			files = (
				18A32EC02C33C15C002DE47A /* Assets.xcassets in Resources */,
				18A32EC32C33C15C002DE47A /* Base in Resources */,
			);
			runOnlyForDeploymentPostprocessing = 0;
		};
/* End PBXResourcesBuildPhase section */

/* Begin PBXShellScriptBuildPhase section */
		3786DFE99CB85E070C296022 /* [CP] Check Pods Manifest.lock */ = {
			isa = PBXShellScriptBuildPhase;
			buildActionMask = 2147483647;
			files = (
			);
			inputFileListPaths = (
			);
			inputPaths = (
				"${PODS_PODFILE_DIR_PATH}/Podfile.lock",
				"${PODS_ROOT}/Manifest.lock",
			);
			name = "[CP] Check Pods Manifest.lock";
			outputFileListPaths = (
			);
			outputPaths = (
				"$(DERIVED_FILE_DIR)/Pods-NoteApp-checkManifestLockResult.txt",
			);
			runOnlyForDeploymentPostprocessing = 0;
			shellPath = /bin/sh;
			shellScript = "diff \"${PODS_PODFILE_DIR_PATH}/Podfile.lock\" \"${PODS_ROOT}/Manifest.lock\" > /dev/null\nif [ $? != 0 ] ; then\n    # print error to STDERR\n    echo \"error: The sandbox is not in sync with the Podfile.lock. Run 'pod install' or update your CocoaPods installation.\" >&2\n    exit 1\nfi\n# This output is used by Xcode 'outputs' to avoid re-running this script phase.\necho \"SUCCESS\" > \"${SCRIPT_OUTPUT_FILE_0}\"\n";
			showEnvVarsInLog = 0;
		};
		F17D8FC80E4E2046E07FA4C5 /* [CP] Embed Pods Frameworks */ = {
			isa = PBXShellScriptBuildPhase;
			buildActionMask = 2147483647;
			files = (
			);
			inputFileListPaths = (
				"${PODS_ROOT}/Target Support Files/Pods-NoteApp/Pods-NoteApp-frameworks-${CONFIGURATION}-input-files.xcfilelist",
			);
			name = "[CP] Embed Pods Frameworks";
			outputFileListPaths = (
				"${PODS_ROOT}/Target Support Files/Pods-NoteApp/Pods-NoteApp-frameworks-${CONFIGURATION}-output-files.xcfilelist",
			);
			runOnlyForDeploymentPostprocessing = 0;
			shellPath = /bin/sh;
			shellScript = "\"${PODS_ROOT}/Target Support Files/Pods-NoteApp/Pods-NoteApp-frameworks.sh\"\n";
			showEnvVarsInLog = 0;
		};
/* End PBXShellScriptBuildPhase section */

/* Begin PBXSourcesBuildPhase section */
		18A32EAF2C33C15B002DE47A /* Sources */ = {
			isa = PBXSourcesBuildPhase;
			buildActionMask = 2147483647;
			files = (
				18A32EE62C33C343002DE47A /* CreateNoteViewController.swift in Sources */,
				18A32ED42C33C24F002DE47A /* NoteCollectionViewCell.swift in Sources */,
				18A32EB72C33C15B002DE47A /* AppDelegate.swift in Sources */,
				18A32ECD2C33C207002DE47A /* DataManager.swift in Sources */,
				18A32EE22C33C31D002DE47A /* NoteViewController.swift in Sources */,
				18A32ED92C33C278002DE47A /* NoteListDataModel.xcdatamodeld in Sources */,
				18A32EDC2C33C2E6002DE47A /* LoginViewController.swift in Sources */,
				18A32EE42C33C331002DE47A /* FolderDetailViewController.swift in Sources */,
				18A32EDE2C33C2F7002DE47A /* SettingViewController.swift in Sources */,
				18A32EE02C33C309002DE47A /* FolderViewController.swift in Sources */,
				18A32EB92C33C15B002DE47A /* SceneDelegate.swift in Sources */,
				18A32EE82C33C355002DE47A /* TabBarController.swift in Sources */,
				18A32ED22C33C243002DE47A /* FolderCollectionViewCell.swift in Sources */,
				18A32ECF2C33C217002DE47A /* Helper.swift in Sources */,
			);
			runOnlyForDeploymentPostprocessing = 0;
		};
/* End PBXSourcesBuildPhase section */

/* Begin PBXVariantGroup section */
		18A32EC12C33C15C002DE47A /* LaunchScreen.storyboard */ = {
			isa = PBXVariantGroup;
			children = (
				18A32EC22C33C15C002DE47A /* Base */,
			);
			name = LaunchScreen.storyboard;
			sourceTree = "<group>";
		};
/* End PBXVariantGroup section */

/* Begin XCBuildConfiguration section */
		18A32EC52C33C15C002DE47A /* Debug */ = {
			isa = XCBuildConfiguration;
			buildSettings = {
				ALWAYS_SEARCH_USER_PATHS = NO;
				ASSETCATALOG_COMPILER_GENERATE_SWIFT_ASSET_SYMBOL_EXTENSIONS = YES;
				CLANG_ANALYZER_NONNULL = YES;
				CLANG_ANALYZER_NUMBER_OBJECT_CONVERSION = YES_AGGRESSIVE;
				CLANG_CXX_LANGUAGE_STANDARD = "gnu++20";
				CLANG_ENABLE_MODULES = YES;
				CLANG_ENABLE_OBJC_ARC = YES;
				CLANG_ENABLE_OBJC_WEAK = YES;
				CLANG_WARN_BLOCK_CAPTURE_AUTORELEASING = YES;
				CLANG_WARN_BOOL_CONVERSION = YES;
				CLANG_WARN_COMMA = YES;
				CLANG_WARN_CONSTANT_CONVERSION = YES;
				CLANG_WARN_DEPRECATED_OBJC_IMPLEMENTATIONS = YES;
				CLANG_WARN_DIRECT_OBJC_ISA_USAGE = YES_ERROR;
				CLANG_WARN_DOCUMENTATION_COMMENTS = YES;
				CLANG_WARN_EMPTY_BODY = YES;
				CLANG_WARN_ENUM_CONVERSION = YES;
				CLANG_WARN_INFINITE_RECURSION = YES;
				CLANG_WARN_INT_CONVERSION = YES;
				CLANG_WARN_NON_LITERAL_NULL_CONVERSION = YES;
				CLANG_WARN_OBJC_IMPLICIT_RETAIN_SELF = YES;
				CLANG_WARN_OBJC_LITERAL_CONVERSION = YES;
				CLANG_WARN_OBJC_ROOT_CLASS = YES_ERROR;
				CLANG_WARN_QUOTED_INCLUDE_IN_FRAMEWORK_HEADER = YES;
				CLANG_WARN_RANGE_LOOP_ANALYSIS = YES;
				CLANG_WARN_STRICT_PROTOTYPES = YES;
				CLANG_WARN_SUSPICIOUS_MOVE = YES;
				CLANG_WARN_UNGUARDED_AVAILABILITY = YES_AGGRESSIVE;
				CLANG_WARN_UNREACHABLE_CODE = YES;
				CLANG_WARN__DUPLICATE_METHOD_MATCH = YES;
				COPY_PHASE_STRIP = NO;
				DEBUG_INFORMATION_FORMAT = dwarf;
				ENABLE_STRICT_OBJC_MSGSEND = YES;
				ENABLE_TESTABILITY = YES;
				ENABLE_USER_SCRIPT_SANDBOXING = YES;
				GCC_C_LANGUAGE_STANDARD = gnu17;
				GCC_DYNAMIC_NO_PIC = NO;
				GCC_NO_COMMON_BLOCKS = YES;
				GCC_OPTIMIZATION_LEVEL = 0;
				GCC_PREPROCESSOR_DEFINITIONS = (
					"DEBUG=1",
					"$(inherited)",
				);
				GCC_WARN_64_TO_32_BIT_CONVERSION = YES;
				GCC_WARN_ABOUT_RETURN_TYPE = YES_ERROR;
				GCC_WARN_UNDECLARED_SELECTOR = YES;
				GCC_WARN_UNINITIALIZED_AUTOS = YES_AGGRESSIVE;
				GCC_WARN_UNUSED_FUNCTION = YES;
				GCC_WARN_UNUSED_VARIABLE = YES;
				IPHONEOS_DEPLOYMENT_TARGET = 17.5;
				LOCALIZATION_PREFERS_STRING_CATALOGS = YES;
				MTL_ENABLE_DEBUG_INFO = INCLUDE_SOURCE;
				MTL_FAST_MATH = YES;
				ONLY_ACTIVE_ARCH = YES;
				SDKROOT = iphoneos;
				SWIFT_ACTIVE_COMPILATION_CONDITIONS = "DEBUG $(inherited)";
				SWIFT_OPTIMIZATION_LEVEL = "-Onone";
			};
			name = Debug;
		};
		18A32EC62C33C15C002DE47A /* Release */ = {
			isa = XCBuildConfiguration;
			buildSettings = {
				ALWAYS_SEARCH_USER_PATHS = NO;
				ASSETCATALOG_COMPILER_GENERATE_SWIFT_ASSET_SYMBOL_EXTENSIONS = YES;
				CLANG_ANALYZER_NONNULL = YES;
				CLANG_ANALYZER_NUMBER_OBJECT_CONVERSION = YES_AGGRESSIVE;
				CLANG_CXX_LANGUAGE_STANDARD = "gnu++20";
				CLANG_ENABLE_MODULES = YES;
				CLANG_ENABLE_OBJC_ARC = YES;
				CLANG_ENABLE_OBJC_WEAK = YES;
				CLANG_WARN_BLOCK_CAPTURE_AUTORELEASING = YES;
				CLANG_WARN_BOOL_CONVERSION = YES;
				CLANG_WARN_COMMA = YES;
				CLANG_WARN_CONSTANT_CONVERSION = YES;
				CLANG_WARN_DEPRECATED_OBJC_IMPLEMENTATIONS = YES;
				CLANG_WARN_DIRECT_OBJC_ISA_USAGE = YES_ERROR;
				CLANG_WARN_DOCUMENTATION_COMMENTS = YES;
				CLANG_WARN_EMPTY_BODY = YES;
				CLANG_WARN_ENUM_CONVERSION = YES;
				CLANG_WARN_INFINITE_RECURSION = YES;
				CLANG_WARN_INT_CONVERSION = YES;
				CLANG_WARN_NON_LITERAL_NULL_CONVERSION = YES;
				CLANG_WARN_OBJC_IMPLICIT_RETAIN_SELF = YES;
				CLANG_WARN_OBJC_LITERAL_CONVERSION = YES;
				CLANG_WARN_OBJC_ROOT_CLASS = YES_ERROR;
				CLANG_WARN_QUOTED_INCLUDE_IN_FRAMEWORK_HEADER = YES;
				CLANG_WARN_RANGE_LOOP_ANALYSIS = YES;
				CLANG_WARN_STRICT_PROTOTYPES = YES;
				CLANG_WARN_SUSPICIOUS_MOVE = YES;
				CLANG_WARN_UNGUARDED_AVAILABILITY = YES_AGGRESSIVE;
				CLANG_WARN_UNREACHABLE_CODE = YES;
				CLANG_WARN__DUPLICATE_METHOD_MATCH = YES;
				COPY_PHASE_STRIP = NO;
				DEBUG_INFORMATION_FORMAT = "dwarf-with-dsym";
				ENABLE_NS_ASSERTIONS = NO;
				ENABLE_STRICT_OBJC_MSGSEND = YES;
				ENABLE_USER_SCRIPT_SANDBOXING = YES;
				GCC_C_LANGUAGE_STANDARD = gnu17;
				GCC_NO_COMMON_BLOCKS = YES;
				GCC_WARN_64_TO_32_BIT_CONVERSION = YES;
				GCC_WARN_ABOUT_RETURN_TYPE = YES_ERROR;
				GCC_WARN_UNDECLARED_SELECTOR = YES;
				GCC_WARN_UNINITIALIZED_AUTOS = YES_AGGRESSIVE;
				GCC_WARN_UNUSED_FUNCTION = YES;
				GCC_WARN_UNUSED_VARIABLE = YES;
				IPHONEOS_DEPLOYMENT_TARGET = 17.5;
				LOCALIZATION_PREFERS_STRING_CATALOGS = YES;
				MTL_ENABLE_DEBUG_INFO = NO;
				MTL_FAST_MATH = YES;
				SDKROOT = iphoneos;
				SWIFT_COMPILATION_MODE = wholemodule;
				VALIDATE_PRODUCT = YES;
			};
			name = Release;
		};
		18A32EC82C33C15C002DE47A /* Debug */ = {
			isa = XCBuildConfiguration;
			baseConfigurationReference = A161FA712CFBED725C5A26BF /* Pods-NoteApp.debug.xcconfig */;
			buildSettings = {
				ASSETCATALOG_COMPILER_APPICON_NAME = AppIcon;
				ASSETCATALOG_COMPILER_GLOBAL_ACCENT_COLOR_NAME = AccentColor;
				CODE_SIGN_STYLE = Automatic;
				CURRENT_PROJECT_VERSION = 1;
				ENABLE_USER_SCRIPT_SANDBOXING = NO;
				GENERATE_INFOPLIST_FILE = YES;
				INFOPLIST_FILE = NoteApp/Info.plist;
				INFOPLIST_KEY_UIApplicationSupportsIndirectInputEvents = YES;
				INFOPLIST_KEY_UILaunchStoryboardName = LaunchScreen;
				INFOPLIST_KEY_UISupportedInterfaceOrientations_iPad = "UIInterfaceOrientationPortrait UIInterfaceOrientationPortraitUpsideDown UIInterfaceOrientationLandscapeLeft UIInterfaceOrientationLandscapeRight";
				INFOPLIST_KEY_UISupportedInterfaceOrientations_iPhone = "UIInterfaceOrientationPortrait UIInterfaceOrientationLandscapeLeft UIInterfaceOrientationLandscapeRight";
				IPHONEOS_DEPLOYMENT_TARGET = 13.0;
				LD_RUNPATH_SEARCH_PATHS = (
					"$(inherited)",
					"@executable_path/Frameworks",
				);
				MARKETING_VERSION = 1.0;
				PRODUCT_BUNDLE_IDENTIFIER = note.NoteApp;
				PRODUCT_NAME = "$(TARGET_NAME)";
				SWIFT_EMIT_LOC_STRINGS = YES;
				SWIFT_VERSION = 5.0;
				TARGETED_DEVICE_FAMILY = "1,2";
			};
			name = Debug;
		};
		18A32EC92C33C15C002DE47A /* Release */ = {
			isa = XCBuildConfiguration;
			baseConfigurationReference = EA4DFABAA1ADCD96F6D2C826 /* Pods-NoteApp.release.xcconfig */;
			buildSettings = {
				ASSETCATALOG_COMPILER_APPICON_NAME = AppIcon;
				ASSETCATALOG_COMPILER_GLOBAL_ACCENT_COLOR_NAME = AccentColor;
				CODE_SIGN_STYLE = Automatic;
				CURRENT_PROJECT_VERSION = 1;
				ENABLE_USER_SCRIPT_SANDBOXING = NO;
				GENERATE_INFOPLIST_FILE = YES;
				INFOPLIST_FILE = NoteApp/Info.plist;
				INFOPLIST_KEY_UIApplicationSupportsIndirectInputEvents = YES;
				INFOPLIST_KEY_UILaunchStoryboardName = LaunchScreen;
				INFOPLIST_KEY_UISupportedInterfaceOrientations_iPad = "UIInterfaceOrientationPortrait UIInterfaceOrientationPortraitUpsideDown UIInterfaceOrientationLandscapeLeft UIInterfaceOrientationLandscapeRight";
				INFOPLIST_KEY_UISupportedInterfaceOrientations_iPhone = "UIInterfaceOrientationPortrait UIInterfaceOrientationLandscapeLeft UIInterfaceOrientationLandscapeRight";
				IPHONEOS_DEPLOYMENT_TARGET = 13.0;
				LD_RUNPATH_SEARCH_PATHS = (
					"$(inherited)",
					"@executable_path/Frameworks",
				);
				MARKETING_VERSION = 1.0;
				PRODUCT_BUNDLE_IDENTIFIER = note.NoteApp;
				PRODUCT_NAME = "$(TARGET_NAME)";
				SWIFT_EMIT_LOC_STRINGS = YES;
				SWIFT_VERSION = 5.0;
				TARGETED_DEVICE_FAMILY = "1,2";
			};
			name = Release;
		};
/* End XCBuildConfiguration section */

/* Begin XCConfigurationList section */
		18A32EAE2C33C15B002DE47A /* Build configuration list for PBXProject "NoteApp" */ = {
			isa = XCConfigurationList;
			buildConfigurations = (
				18A32EC52C33C15C002DE47A /* Debug */,
				18A32EC62C33C15C002DE47A /* Release */,
			);
			defaultConfigurationIsVisible = 0;
			defaultConfigurationName = Release;
		};
		18A32EC72C33C15C002DE47A /* Build configuration list for PBXNativeTarget "NoteApp" */ = {
			isa = XCConfigurationList;
			buildConfigurations = (
				18A32EC82C33C15C002DE47A /* Debug */,
				18A32EC92C33C15C002DE47A /* Release */,
			);
			defaultConfigurationIsVisible = 0;
			defaultConfigurationName = Release;
		};
/* End XCConfigurationList section */

/* Begin XCVersionGroup section */
		18A32ED72C33C278002DE47A /* NoteListDataModel.xcdatamodeld */ = {
			isa = XCVersionGroup;
			children = (
				18A32ED82C33C278002DE47A /* NoteListDataModel.xcdatamodel */,
			);
			currentVersion = 18A32ED82C33C278002DE47A /* NoteListDataModel.xcdatamodel */;
			name = NoteListDataModel.xcdatamodeld;
			path = /Users/apple/Desktop/NoteApp/NoteApp/Models/NoteListDataModel.xcdatamodeld;
			sourceTree = "<group>";
			versionGroupType = wrapper.xcdatamodel;
		};
/* End XCVersionGroup section */
	};
	rootObject = 18A32EAB2C33C15B002DE47A /* Project object */;
}
